// !$*UTF8*$!
{
	archiveVersion = 1;
	classes = {
	};
	objectVersion = 46;
	objects = {

/* Begin PBXBuildFile section */
		BAF1276B17AE976C0048CCB4 /* Foundation.framework in Frameworks */ = {isa = PBXBuildFile; fileRef = BAF1276A17AE976C0048CCB4 /* Foundation.framework */; };
		BAF1276D17AE976C0048CCB4 /* CoreGraphics.framework in Frameworks */ = {isa = PBXBuildFile; fileRef = BAF1276C17AE976C0048CCB4 /* CoreGraphics.framework */; };
		BAF1276F17AE976C0048CCB4 /* UIKit.framework in Frameworks */ = {isa = PBXBuildFile; fileRef = BAF1276E17AE976C0048CCB4 /* UIKit.framework */; };
		BAF1277517AE976C0048CCB4 /* InfoPlist.strings in Resources */ = {isa = PBXBuildFile; fileRef = BAF1277317AE976C0048CCB4 /* InfoPlist.strings */; };
		BAF1277717AE976C0048CCB4 /* main.m in Sources */ = {isa = PBXBuildFile; fileRef = BAF1277617AE976C0048CCB4 /* main.m */; };
		BAF1277B17AE976C0048CCB4 /* XYZAppDelegate.m in Sources */ = {isa = PBXBuildFile; fileRef = BAF1277A17AE976C0048CCB4 /* XYZAppDelegate.m */; };
		BAF1277E17AE976C0048CCB4 /* Main_iPhone.storyboard in Resources */ = {isa = PBXBuildFile; fileRef = BAF1277C17AE976C0048CCB4 /* Main_iPhone.storyboard */; };
		BAF1278117AE976C0048CCB4 /* Main_iPad.storyboard in Resources */ = {isa = PBXBuildFile; fileRef = BAF1277F17AE976C0048CCB4 /* Main_iPad.storyboard */; };
		BAF1278417AE976C0048CCB4 /* XYZViewController.m in Sources */ = {isa = PBXBuildFile; fileRef = BAF1278317AE976C0048CCB4 /* XYZViewController.m */; };
		BAF1278617AE976C0048CCB4 /* Images.xcassets in Resources */ = {isa = PBXBuildFile; fileRef = BAF1278517AE976C0048CCB4 /* Images.xcassets */; };
		BAF1278D17AE976C0048CCB4 /* XCTest.framework in Frameworks */ = {isa = PBXBuildFile; fileRef = BAF1278C17AE976C0048CCB4 /* XCTest.framework */; };
		BAF1278E17AE976C0048CCB4 /* Foundation.framework in Frameworks */ = {isa = PBXBuildFile; fileRef = BAF1276A17AE976C0048CCB4 /* Foundation.framework */; };
		BAF1278F17AE976C0048CCB4 /* UIKit.framework in Frameworks */ = {isa = PBXBuildFile; fileRef = BAF1276E17AE976C0048CCB4 /* UIKit.framework */; };
		BAF1279717AE976C0048CCB4 /* InfoPlist.strings in Resources */ = {isa = PBXBuildFile; fileRef = BAF1279517AE976C0048CCB4 /* InfoPlist.strings */; };
		BAF1279917AE976C0048CCB4 /* simpleviewTests.m in Sources */ = {isa = PBXBuildFile; fileRef = BAF1279817AE976C0048CCB4 /* simpleviewTests.m */; };
/* End PBXBuildFile section */

/* Begin PBXContainerItemProxy section */
		BAF1279017AE976C0048CCB4 /* PBXContainerItemProxy */ = {
			isa = PBXContainerItemProxy;
			containerPortal = BAF1275F17AE976C0048CCB4 /* Project object */;
			proxyType = 1;
			remoteGlobalIDString = BAF1276617AE976C0048CCB4;
			remoteInfo = simpleview;
		};
/* End PBXContainerItemProxy section */

/* Begin PBXFileReference section */
		BAF1276717AE976C0048CCB4 /* simpleview.app */ = {isa = PBXFileReference; explicitFileType = wrapper.application; includeInIndex = 0; path = simpleview.app; sourceTree = BUILT_PRODUCTS_DIR; };
		BAF1276A17AE976C0048CCB4 /* Foundation.framework */ = {isa = PBXFileReference; lastKnownFileType = wrapper.framework; name = Foundation.framework; path = System/Library/Frameworks/Foundation.framework; sourceTree = SDKROOT; };
		BAF1276C17AE976C0048CCB4 /* CoreGraphics.framework */ = {isa = PBXFileReference; lastKnownFileType = wrapper.framework; name = CoreGraphics.framework; path = System/Library/Frameworks/CoreGraphics.framework; sourceTree = SDKROOT; };
		BAF1276E17AE976C0048CCB4 /* UIKit.framework */ = {isa = PBXFileReference; lastKnownFileType = wrapper.framework; name = UIKit.framework; path = System/Library/Frameworks/UIKit.framework; sourceTree = SDKROOT; };
		BAF1277217AE976C0048CCB4 /* simpleview-Info.plist */ = {isa = PBXFileReference; lastKnownFileType = text.plist.xml; path = "simpleview-Info.plist"; sourceTree = "<group>"; };
		BAF1277417AE976C0048CCB4 /* en */ = {isa = PBXFileReference; lastKnownFileType = text.plist.strings; name = en; path = en.lproj/InfoPlist.strings; sourceTree = "<group>"; };
		BAF1277617AE976C0048CCB4 /* main.m */ = {isa = PBXFileReference; lastKnownFileType = sourcecode.c.objc; path = main.m; sourceTree = "<group>"; };
		BAF1277817AE976C0048CCB4 /* simpleview-Prefix.pch */ = {isa = PBXFileReference; lastKnownFileType = sourcecode.c.h; path = "simpleview-Prefix.pch"; sourceTree = "<group>"; };
		BAF1277917AE976C0048CCB4 /* XYZAppDelegate.h */ = {isa = PBXFileReference; lastKnownFileType = sourcecode.c.h; path = XYZAppDelegate.h; sourceTree = "<group>"; };
		BAF1277A17AE976C0048CCB4 /* XYZAppDelegate.m */ = {isa = PBXFileReference; lastKnownFileType = sourcecode.c.objc; path = XYZAppDelegate.m; sourceTree = "<group>"; };
		BAF1277D17AE976C0048CCB4 /* Base */ = {isa = PBXFileReference; lastKnownFileType = file.storyboard; name = Base; path = Base.lproj/Main_iPhone.storyboard; sourceTree = "<group>"; };
		BAF1278017AE976C0048CCB4 /* Base */ = {isa = PBXFileReference; lastKnownFileType = file.storyboard; name = Base; path = Base.lproj/Main_iPad.storyboard; sourceTree = "<group>"; };
		BAF1278217AE976C0048CCB4 /* XYZViewController.h */ = {isa = PBXFileReference; lastKnownFileType = sourcecode.c.h; path = XYZViewController.h; sourceTree = "<group>"; };
		BAF1278317AE976C0048CCB4 /* XYZViewController.m */ = {isa = PBXFileReference; lastKnownFileType = sourcecode.c.objc; path = XYZViewController.m; sourceTree = "<group>"; };
		BAF1278517AE976C0048CCB4 /* Images.xcassets */ = {isa = PBXFileReference; lastKnownFileType = folder.assetcatalog; path = Images.xcassets; sourceTree = "<group>"; };
		BAF1278B17AE976C0048CCB4 /* simpleviewTests.xctest */ = {isa = PBXFileReference; explicitFileType = wrapper.cfbundle; includeInIndex = 0; path = simpleviewTests.xctest; sourceTree = BUILT_PRODUCTS_DIR; };
		BAF1278C17AE976C0048CCB4 /* XCTest.framework */ = {isa = PBXFileReference; lastKnownFileType = wrapper.framework; name = XCTest.framework; path = Library/Frameworks/XCTest.framework; sourceTree = DEVELOPER_DIR; };
		BAF1279417AE976C0048CCB4 /* simpleviewTests-Info.plist */ = {isa = PBXFileReference; lastKnownFileType = text.plist.xml; path = "simpleviewTests-Info.plist"; sourceTree = "<group>"; };
		BAF1279617AE976C0048CCB4 /* en */ = {isa = PBXFileReference; lastKnownFileType = text.plist.strings; name = en; path = en.lproj/InfoPlist.strings; sourceTree = "<group>"; };
		BAF1279817AE976C0048CCB4 /* simpleviewTests.m */ = {isa = PBXFileReference; lastKnownFileType = sourcecode.c.objc; path = simpleviewTests.m; sourceTree = "<group>"; };
/* End PBXFileReference section */

/* Begin PBXFrameworksBuildPhase section */
		BAF1276417AE976C0048CCB4 /* Frameworks */ = {
			isa = PBXFrameworksBuildPhase;
			buildActionMask = 2147483647;
			files = (
				BAF1276D17AE976C0048CCB4 /* CoreGraphics.framework in Frameworks */,
				BAF1276F17AE976C0048CCB4 /* UIKit.framework in Frameworks */,
				BAF1276B17AE976C0048CCB4 /* Foundation.framework in Frameworks */,
			);
			runOnlyForDeploymentPostprocessing = 0;
		};
		BAF1278817AE976C0048CCB4 /* Frameworks */ = {
			isa = PBXFrameworksBuildPhase;
			buildActionMask = 2147483647;
			files = (
				BAF1278D17AE976C0048CCB4 /* XCTest.framework in Frameworks */,
				BAF1278F17AE976C0048CCB4 /* UIKit.framework in Frameworks */,
				BAF1278E17AE976C0048CCB4 /* Foundation.framework in Frameworks */,
			);
			runOnlyForDeploymentPostprocessing = 0;
		};
/* End PBXFrameworksBuildPhase section */

/* Begin PBXGroup section */
		BAF1275E17AE976C0048CCB4 = {
			isa = PBXGroup;
			children = (
				BAF1277017AE976C0048CCB4 /* simpleview */,
				BAF1279217AE976C0048CCB4 /* simpleviewTests */,
				BAF1276917AE976C0048CCB4 /* Frameworks */,
				BAF1276817AE976C0048CCB4 /* Products */,
			);
			sourceTree = "<group>";
		};
		BAF1276817AE976C0048CCB4 /* Products */ = {
			isa = PBXGroup;
			children = (
				BAF1276717AE976C0048CCB4 /* simpleview.app */,
				BAF1278B17AE976C0048CCB4 /* simpleviewTests.xctest */,
			);
			name = Products;
			sourceTree = "<group>";
		};
		BAF1276917AE976C0048CCB4 /* Frameworks */ = {
			isa = PBXGroup;
			children = (
				BAF1276A17AE976C0048CCB4 /* Foundation.framework */,
				BAF1276C17AE976C0048CCB4 /* CoreGraphics.framework */,
				BAF1276E17AE976C0048CCB4 /* UIKit.framework */,
				BAF1278C17AE976C0048CCB4 /* XCTest.framework */,
			);
			name = Frameworks;
			sourceTree = "<group>";
		};
		BAF1277017AE976C0048CCB4 /* simpleview */ = {
			isa = PBXGroup;
			children = (
				BAF1277917AE976C0048CCB4 /* XYZAppDelegate.h */,
				BAF1277A17AE976C0048CCB4 /* XYZAppDelegate.m */,
				BAF1277C17AE976C0048CCB4 /* Main_iPhone.storyboard */,
				BAF1277F17AE976C0048CCB4 /* Main_iPad.storyboard */,
				BAF1278217AE976C0048CCB4 /* XYZViewController.h */,
				BAF1278317AE976C0048CCB4 /* XYZViewController.m */,
				BAF1278517AE976C0048CCB4 /* Images.xcassets */,
				BAF1277117AE976C0048CCB4 /* Supporting Files */,
			);
			path = simpleview;
			sourceTree = "<group>";
		};
		BAF1277117AE976C0048CCB4 /* Supporting Files */ = {
			isa = PBXGroup;
			children = (
				BAF1277217AE976C0048CCB4 /* simpleview-Info.plist */,
				BAF1277317AE976C0048CCB4 /* InfoPlist.strings */,
				BAF1277617AE976C0048CCB4 /* main.m */,
				BAF1277817AE976C0048CCB4 /* simpleview-Prefix.pch */,
			);
			name = "Supporting Files";
			sourceTree = "<group>";
		};
		BAF1279217AE976C0048CCB4 /* simpleviewTests */ = {
			isa = PBXGroup;
			children = (
				BAF1279817AE976C0048CCB4 /* simpleviewTests.m */,
				BAF1279317AE976C0048CCB4 /* Supporting Files */,
			);
			path = simpleviewTests;
			sourceTree = "<group>";
		};
		BAF1279317AE976C0048CCB4 /* Supporting Files */ = {
			isa = PBXGroup;
			children = (
				BAF1279417AE976C0048CCB4 /* simpleviewTests-Info.plist */,
				BAF1279517AE976C0048CCB4 /* InfoPlist.strings */,
			);
			name = "Supporting Files";
			sourceTree = "<group>";
		};
/* End PBXGroup section */

/* Begin PBXNativeTarget section */
		BAF1276617AE976C0048CCB4 /* simpleview */ = {
			isa = PBXNativeTarget;
			buildConfigurationList = BAF1279C17AE976C0048CCB4 /* Build configuration list for PBXNativeTarget "simpleview" */;
			buildPhases = (
				BAF1276317AE976C0048CCB4 /* Sources */,
				BAF1276417AE976C0048CCB4 /* Frameworks */,
				BAF1276517AE976C0048CCB4 /* Resources */,
			);
			buildRules = (
			);
			dependencies = (
			);
			name = simpleview;
			productName = simpleview;
			productReference = BAF1276717AE976C0048CCB4 /* simpleview.app */;
			productType = "com.apple.product-type.application";
		};
		BAF1278A17AE976C0048CCB4 /* simpleviewTests */ = {
			isa = PBXNativeTarget;
			buildConfigurationList = BAF1279F17AE976C0048CCB4 /* Build configuration list for PBXNativeTarget "simpleviewTests" */;
			buildPhases = (
				BAF1278717AE976C0048CCB4 /* Sources */,
				BAF1278817AE976C0048CCB4 /* Frameworks */,
				BAF1278917AE976C0048CCB4 /* Resources */,
			);
			buildRules = (
			);
			dependencies = (
				BAF1279117AE976C0048CCB4 /* PBXTargetDependency */,
			);
			name = simpleviewTests;
			productName = simpleviewTests;
			productReference = BAF1278B17AE976C0048CCB4 /* simpleviewTests.xctest */;
			productType = "com.apple.product-type.bundle.unit-test";
		};
/* End PBXNativeTarget section */

/* Begin PBXProject section */
		BAF1275F17AE976C0048CCB4 /* Project object */ = {
			isa = PBXProject;
			attributes = {
				CLASSPREFIX = XYZ;
				LastUpgradeCheck = 0500;
				ORGANIZATIONNAME = "Henry Tang";
				TargetAttributes = {
					BAF1278A17AE976C0048CCB4 = {
						TestTargetID = BAF1276617AE976C0048CCB4;
					};
				};
			};
			buildConfigurationList = BAF1276217AE976C0048CCB4 /* Build configuration list for PBXProject "simpleview" */;
			compatibilityVersion = "Xcode 3.2";
			developmentRegion = English;
			hasScannedForEncodings = 0;
			knownRegions = (
				en,
				Base,
			);
			mainGroup = BAF1275E17AE976C0048CCB4;
			productRefGroup = BAF1276817AE976C0048CCB4 /* Products */;
			projectDirPath = "";
			projectRoot = "";
			targets = (
				BAF1276617AE976C0048CCB4 /* simpleview */,
				BAF1278A17AE976C0048CCB4 /* simpleviewTests */,
			);
		};
/* End PBXProject section */

/* Begin PBXResourcesBuildPhase section */
		BAF1276517AE976C0048CCB4 /* Resources */ = {
			isa = PBXResourcesBuildPhase;
			buildActionMask = 2147483647;
			files = (
				BAF1278117AE976C0048CCB4 /* Main_iPad.storyboard in Resources */,
				BAF1278617AE976C0048CCB4 /* Images.xcassets in Resources */,
				BAF1277E17AE976C0048CCB4 /* Main_iPhone.storyboard in Resources */,
				BAF1277517AE976C0048CCB4 /* InfoPlist.strings in Resources */,
			);
			runOnlyForDeploymentPostprocessing = 0;
		};
		BAF1278917AE976C0048CCB4 /* Resources */ = {
			isa = PBXResourcesBuildPhase;
			buildActionMask = 2147483647;
			files = (
				BAF1279717AE976C0048CCB4 /* InfoPlist.strings in Resources */,
			);
			runOnlyForDeploymentPostprocessing = 0;
		};
/* End PBXResourcesBuildPhase section */

/* Begin PBXSourcesBuildPhase section */
		BAF1276317AE976C0048CCB4 /* Sources */ = {
			isa = PBXSourcesBuildPhase;
			buildActionMask = 2147483647;
			files = (
				BAF1278417AE976C0048CCB4 /* XYZViewController.m in Sources */,
				BAF1277B17AE976C0048CCB4 /* XYZAppDelegate.m in Sources */,
				BAF1277717AE976C0048CCB4 /* main.m in Sources */,
			);
			runOnlyForDeploymentPostprocessing = 0;
		};
		BAF1278717AE976C0048CCB4 /* Sources */ = {
			isa = PBXSourcesBuildPhase;
			buildActionMask = 2147483647;
			files = (
				BAF1279917AE976C0048CCB4 /* simpleviewTests.m in Sources */,
			);
			runOnlyForDeploymentPostprocessing = 0;
		};
/* End PBXSourcesBuildPhase section */

/* Begin PBXTargetDependency section */
		BAF1279117AE976C0048CCB4 /* PBXTargetDependency */ = {
			isa = PBXTargetDependency;
			target = BAF1276617AE976C0048CCB4 /* simpleview */;
			targetProxy = BAF1279017AE976C0048CCB4 /* PBXContainerItemProxy */;
		};
/* End PBXTargetDependency section */

/* Begin PBXVariantGroup section */
		BAF1277317AE976C0048CCB4 /* InfoPlist.strings */ = {
			isa = PBXVariantGroup;
			children = (
				BAF1277417AE976C0048CCB4 /* en */,
			);
			name = InfoPlist.strings;
			sourceTree = "<group>";
		};
		BAF1277C17AE976C0048CCB4 /* Main_iPhone.storyboard */ = {
			isa = PBXVariantGroup;
			children = (
				BAF1277D17AE976C0048CCB4 /* Base */,
			);
			name = Main_iPhone.storyboard;
			sourceTree = "<group>";
		};
		BAF1277F17AE976C0048CCB4 /* Main_iPad.storyboard */ = {
			isa = PBXVariantGroup;
			children = (
				BAF1278017AE976C0048CCB4 /* Base */,
			);
			name = Main_iPad.storyboard;
			sourceTree = "<group>";
		};
		BAF1279517AE976C0048CCB4 /* InfoPlist.strings */ = {
			isa = PBXVariantGroup;
			children = (
				BAF1279617AE976C0048CCB4 /* en */,
			);
			name = InfoPlist.strings;
			sourceTree = "<group>";
		};
/* End PBXVariantGroup section */

/* Begin XCBuildConfiguration section */
		BAF1279A17AE976C0048CCB4 /* Debug */ = {
			isa = XCBuildConfiguration;
			buildSettings = {
				ALWAYS_SEARCH_USER_PATHS = NO;
				CLANG_CXX_LANGUAGE_STANDARD = "gnu++0x";
				CLANG_CXX_LIBRARY = "libc++";
				CLANG_ENABLE_MODULES = YES;
				CLANG_ENABLE_OBJC_ARC = YES;
				CLANG_WARN_BOOL_CONVERSION = YES;
				CLANG_WARN_CONSTANT_CONVERSION = YES;
				CLANG_WARN_DIRECT_OBJC_ISA_USAGE = YES_ERROR;
				CLANG_WARN_EMPTY_BODY = YES;
				CLANG_WARN_ENUM_CONVERSION = YES;
				CLANG_WARN_INT_CONVERSION = YES;
				CLANG_WARN_OBJC_ROOT_CLASS = YES_ERROR;
				CLANG_WARN__DUPLICATE_METHOD_MATCH = YES;
				"CODE_SIGN_IDENTITY[sdk=iphoneos*]" = "iPhone Developer";
				COPY_PHASE_STRIP = NO;
				GCC_C_LANGUAGE_STANDARD = gnu99;
				GCC_DYNAMIC_NO_PIC = NO;
				GCC_OPTIMIZATION_LEVEL = 0;
				GCC_PREPROCESSOR_DEFINITIONS = (
					"DEBUG=1",
					"$(inherited)",
				);
				GCC_SYMBOLS_PRIVATE_EXTERN = NO;
				GCC_WARN_ABOUT_RETURN_TYPE = YES_ERROR;
				GCC_WARN_UNDECLARED_SELECTOR = YES;
				GCC_WARN_UNINITIALIZED_AUTOS = YES;
				GCC_WARN_UNUSED_FUNCTION = YES;
				GCC_WARN_UNUSED_VARIABLE = YES;
				IPHONEOS_DEPLOYMENT_TARGET = 7.0;
				ONLY_ACTIVE_ARCH = YES;
				SDKROOT = iphoneos;
				TARGETED_DEVICE_FAMILY = "1,2";
			};
			name = Debug;
		};
		BAF1279B17AE976C0048CCB4 /* Release */ = {
			isa = XCBuildConfiguration;
			buildSettings = {
				ALWAYS_SEARCH_USER_PATHS = NO;
				CLANG_CXX_LANGUAGE_STANDARD = "gnu++0x";
				CLANG_CXX_LIBRARY = "libc++";
				CLANG_ENABLE_MODULES = YES;
				CLANG_ENABLE_OBJC_ARC = YES;
				CLANG_WARN_BOOL_CONVERSION = YES;
				CLANG_WARN_CONSTANT_CONVERSION = YES;
				CLANG_WARN_DIRECT_OBJC_ISA_USAGE = YES_ERROR;
				CLANG_WARN_EMPTY_BODY = YES;
				CLANG_WARN_ENUM_CONVERSION = YES;
				CLANG_WARN_INT_CONVERSION = YES;
				CLANG_WARN_OBJC_ROOT_CLASS = YES_ERROR;
				CLANG_WARN__DUPLICATE_METHOD_MATCH = YES;
				"CODE_SIGN_IDENTITY[sdk=iphoneos*]" = "iPhone Developer";
				COPY_PHASE_STRIP = YES;
				ENABLE_NS_ASSERTIONS = NO;
				GCC_C_LANGUAGE_STANDARD = gnu99;
				GCC_WARN_ABOUT_RETURN_TYPE = YES_ERROR;
				GCC_WARN_UNDECLARED_SELECTOR = YES;
				GCC_WARN_UNINITIALIZED_AUTOS = YES;
				GCC_WARN_UNUSED_FUNCTION = YES;
				GCC_WARN_UNUSED_VARIABLE = YES;
				IPHONEOS_DEPLOYMENT_TARGET = 7.0;
				SDKROOT = iphoneos;
				TARGETED_DEVICE_FAMILY = "1,2";
				VALIDATE_PRODUCT = YES;
			};
			name = Release;
		};
		BAF1279D17AE976C0048CCB4 /* Debug */ = {
			isa = XCBuildConfiguration;
			buildSettings = {
				ASSETCATALOG_COMPILER_APPICON_NAME = AppIcon;
				ASSETCATALOG_COMPILER_LAUNCHIMAGE_NAME = LaunchImage;
				GCC_PRECOMPILE_PREFIX_HEADER = YES;
				GCC_PREFIX_HEADER = "simpleview/simpleview-Prefix.pch";
				INFOPLIST_FILE = "simpleview/simpleview-Info.plist";
				PRODUCT_NAME = "$(TARGET_NAME)";
				WRAPPER_EXTENSION = app;
			};
			name = Debug;
		};
		BAF1279E17AE976C0048CCB4 /* Release */ = {
			isa = XCBuildConfiguration;
			buildSettings = {
				ASSETCATALOG_COMPILER_APPICON_NAME = AppIcon;
				ASSETCATALOG_COMPILER_LAUNCHIMAGE_NAME = LaunchImage;
				GCC_PRECOMPILE_PREFIX_HEADER = YES;
				GCC_PREFIX_HEADER = "simpleview/simpleview-Prefix.pch";
				INFOPLIST_FILE = "simpleview/simpleview-Info.plist";
				PRODUCT_NAME = "$(TARGET_NAME)";
				WRAPPER_EXTENSION = app;
			};
			name = Release;
		};
		BAF127A017AE976C0048CCB4 /* Debug */ = {
			isa = XCBuildConfiguration;
			buildSettings = {
				BUNDLE_LOADER = "$(BUILT_PRODUCTS_DIR)/simpleview.app/simpleview";
				FRAMEWORK_SEARCH_PATHS = (
					"$(SDKROOT)/Developer/Library/Frameworks",
					"$(inherited)",
					"$(SYSTEM_APPS_DIR)/Xcode5-DP2.app/Contents/Developer/Library/Frameworks",
				);
				GCC_PRECOMPILE_PREFIX_HEADER = YES;
				GCC_PREFIX_HEADER = "simpleview/simpleview-Prefix.pch";
				GCC_PREPROCESSOR_DEFINITIONS = (
					"DEBUG=1",
					"$(inherited)",
				);
				INFOPLIST_FILE = "simpleviewTests/simpleviewTests-Info.plist";
				PRODUCT_NAME = "$(TARGET_NAME)";
				TEST_HOST = "$(BUNDLE_LOADER)";
				WRAPPER_EXTENSION = xctest;
			};
			name = Debug;
		};
		BAF127A117AE976C0048CCB4 /* Release */ = {
			isa = XCBuildConfiguration;
			buildSettings = {
				BUNDLE_LOADER = "$(BUILT_PRODUCTS_DIR)/simpleview.app/simpleview";
				FRAMEWORK_SEARCH_PATHS = (
					"$(SDKROOT)/Developer/Library/Frameworks",
					"$(inherited)",
					"$(SYSTEM_APPS_DIR)/Xcode5-DP2.app/Contents/Developer/Library/Frameworks",
				);
				GCC_PRECOMPILE_PREFIX_HEADER = YES;
				GCC_PREFIX_HEADER = "simpleview/simpleview-Prefix.pch";
				INFOPLIST_FILE = "simpleviewTests/simpleviewTests-Info.plist";
				PRODUCT_NAME = "$(TARGET_NAME)";
				TEST_HOST = "$(BUNDLE_LOADER)";
				WRAPPER_EXTENSION = xctest;
			};
			name = Release;
		};
/* End XCBuildConfiguration section */

/* Begin XCConfigurationList section */
		BAF1276217AE976C0048CCB4 /* Build configuration list for PBXProject "simpleview" */ = {
			isa = XCConfigurationList;
			buildConfigurations = (
				BAF1279A17AE976C0048CCB4 /* Debug */,
				BAF1279B17AE976C0048CCB4 /* Release */,
			);
			defaultConfigurationIsVisible = 0;
			defaultConfigurationName = Release;
		};
		BAF1279C17AE976C0048CCB4 /* Build configuration list for PBXNativeTarget "simpleview" */ = {
			isa = XCConfigurationList;
			buildConfigurations = (
				BAF1279D17AE976C0048CCB4 /* Debug */,
				BAF1279E17AE976C0048CCB4 /* Release */,
			);
			defaultConfigurationIsVisible = 0;
		};
		BAF1279F17AE976C0048CCB4 /* Build configuration list for PBXNativeTarget "simpleviewTests" */ = {
			isa = XCConfigurationList;
			buildConfigurations = (
				BAF127A017AE976C0048CCB4 /* Debug */,
				BAF127A117AE976C0048CCB4 /* Release */,
			);
			defaultConfigurationIsVisible = 0;
		};
/* End XCConfigurationList section */
	};
	rootObject = BAF1275F17AE976C0048CCB4 /* Project object */;
}
